
Microsoft Visual Studio Solution File, Format Version 12.00
# Visual Studio 15
VisualStudioVersion = 15.0.28307.645
MinimumVisualStudioVersion = 10.0.40219.1
Project("{8BC9CEB8-8B4A-11D0-8D11-00A0C91BC942}") = "CHIP8", "CHIP8\CHIP8.vcxproj", "{C064D0F9-CFEA-4534-AF2C-ECAB136428A5}"
EndProject
Project("{2150E333-8FDC-42A3-9474-1A3956D46DE8}") = "Solution Items", "Solution Items", "{D1393B25-5063-4E92-BF9D-E61CBEB2CD45}"
	ProjectSection(SolutionItems) = preProject
		README.md = README.md
	EndProjectSection
EndProject
Project("{8BC9CEB8-8B4A-11D0-8D11-00A0C91BC942}") = "Tests", "Test\Test.vcxproj", "{24E6F7E0-9BDF-4871-BC3D-42F004B05BA6}"
EndProject
Global
	GlobalSection(SolutionConfigurationPlatforms) = preSolution
		Debug|x64 = Debug|x64
		Debug|x86 = Debug|x86
		Release|x64 = Release|x64
		Release|x86 = Release|x86
	EndGlobalSection
	GlobalSection(ProjectConfigurationPlatforms) = postSolution
		{C064D0F9-CFEA-4534-AF2C-ECAB136428A5}.Debug|x64.ActiveCfg = Debug|x64
		{C064D0F9-CFEA-4534-AF2C-ECAB136428A5}.Debug|x64.Build.0 = Debug|x64
		{C064D0F9-CFEA-4534-AF2C-ECAB136428A5}.Debug|x86.ActiveCfg = Debug|x64
		{C064D0F9-CFEA-4534-AF2C-ECAB136428A5}.Debug|x86.Build.0 = Debug|x64
		{C064D0F9-CFEA-4534-AF2C-ECAB136428A5}.Release|x64.ActiveCfg = Release|x64
		{C064D0F9-CFEA-4534-AF2C-ECAB136428A5}.Release|x64.Build.0 = Release|x64
		{C064D0F9-CFEA-4534-AF2C-ECAB136428A5}.Release|x86.ActiveCfg = Release|Win32
		{C064D0F9-CFEA-4534-AF2C-ECAB136428A5}.Release|x86.Build.0 = Release|Win32
		{24E6F7E0-9BDF-4871-BC3D-42F004B05BA6}.Debug|x64.ActiveCfg = Debug|x64
		{24E6F7E0-9BDF-4871-BC3D-42F004B05BA6}.Debug|x64.Build.0 = Debug|x64
		{24E6F7E0-9BDF-4871-BC3D-42F004B05BA6}.Debug|x86.ActiveCfg = Debug|x64
		{24E6F7E0-9BDF-4871-BC3D-42F004B05BA6}.Debug|x86.Build.0 = Debug|x64
		{24E6F7E0-9BDF-4871-BC3D-42F004B05BA6}.Release|x64.ActiveCfg = Release|x64
		{24E6F7E0-9BDF-4871-BC3D-42F004B05BA6}.Release|x64.Build.0 = Release|x64
		{24E6F7E0-9BDF-4871-BC3D-42F004B05BA6}.Release|x86.ActiveCfg = Release|Win32
		{24E6F7E0-9BDF-4871-BC3D-42F004B05BA6}.Release|x86.Build.0 = Release|Win32
	EndGlobalSection
	GlobalSection(SolutionProperties) = preSolution
		HideSolutionNode = FALSE
	EndGlobalSection
	GlobalSection(ExtensibilityGlobals) = postSolution
		SolutionGuid = {4E60A656-9F0C-4220-8F9A-4DBAD25EBBC5}
	EndGlobalSection
EndGlobal
